
Microsoft Visual Studio Solution File, Format Version 12.00
# Visual Studio Version 17
VisualStudioVersion = 17.0.31903.59
MinimumVisualStudioVersion = 10.0.40219.1
Project("{FAE04EC0-301F-11D3-BF4B-00C04F79EFBC}") = "RocketStats.Domain", "RocketStats.Domain\RocketStats.Domain.csproj", "{9E9EEA38-717B-435D-BF06-0D27DEC6FF1C}"
EndProject
Project("{FAE04EC0-301F-11D3-BF4B-00C04F79EFBC}") = "RocketStats.Application", "RocketStats.Application\RocketStats.Application.csproj", "{826C1FC4-B304-4E30-900F-4D650E2317FB}"
EndProject
Project("{FAE04EC0-301F-11D3-BF4B-00C04F79EFBC}") = "RocketStats.Infrastructure", "RocketStats.Infrastructure\RocketStats.Infrastructure.csproj", "{FD45D382-2C99-4F00-944D-7872467D7259}"
EndProject
Project("{FAE04EC0-301F-11D3-BF4B-00C04F79EFBC}") = "RocketStats.Agent", "RocketStats.Agent\RocketStats.Agent.csproj", "{A4D8C1F0-5B1E-4F2A-8A92-1E2A3B4C5D6E}"
EndProject
Global
	GlobalSection(SolutionConfigurationPlatforms) = preSolution
		Debug|Any CPU = Debug|Any CPU
		Release|Any CPU = Release|Any CPU
	EndGlobalSection
	GlobalSection(ProjectConfigurationPlatforms) = postSolution
		{9E9EEA38-717B-435D-BF06-0D27DEC6FF1C}.Debug|Any CPU.ActiveCfg = Debug|Any CPU
		{9E9EEA38-717B-435D-BF06-0D27DEC6FF1C}.Debug|Any CPU.Build.0 = Debug|Any CPU
		{9E9EEA38-717B-435D-BF06-0D27DEC6FF1C}.Release|Any CPU.ActiveCfg = Release|Any CPU
		{9E9EEA38-717B-435D-BF06-0D27DEC6FF1C}.Release|Any CPU.Build.0 = Release|Any CPU
		{826C1FC4-B304-4E30-900F-4D650E2317FB}.Debug|Any CPU.ActiveCfg = Debug|Any CPU
		{826C1FC4-B304-4E30-900F-4D650E2317FB}.Debug|Any CPU.Build.0 = Debug|Any CPU
		{826C1FC4-B304-4E30-900F-4D650E2317FB}.Release|Any CPU.ActiveCfg = Release|Any CPU
		{826C1FC4-B304-4E30-900F-4D650E2317FB}.Release|Any CPU.Build.0 = Release|Any CPU
		{FD45D382-2C99-4F00-944D-7872467D7259}.Debug|Any CPU.ActiveCfg = Debug|Any CPU
		{FD45D382-2C99-4F00-944D-7872467D7259}.Debug|Any CPU.Build.0 = Debug|Any CPU
		{FD45D382-2C99-4F00-944D-7872467D7259}.Release|Any CPU.ActiveCfg = Release|Any CPU
		{FD45D382-2C99-4F00-944D-7872467D7259}.Release|Any CPU.Build.0 = Release|Any CPU
		{A4D8C1F0-5B1E-4F2A-8A92-1E2A3B4C5D6E}.Debug|Any CPU.ActiveCfg = Debug|Any CPU
		{A4D8C1F0-5B1E-4F2A-8A92-1E2A3B4C5D6E}.Debug|Any CPU.Build.0 = Debug|Any CPU
		{A4D8C1F0-5B1E-4F2A-8A92-1E2A3B4C5D6E}.Release|Any CPU.ActiveCfg = Release|Any CPU
		{A4D8C1F0-5B1E-4F2A-8A92-1E2A3B4C5D6E}.Release|Any CPU.Build.0 = Release|Any CPU
	EndGlobalSection
	GlobalSection(SolutionProperties) = preSolution
		HideSolutionNode = FALSE
	EndGlobalSection
EndGlobal
